
Microsoft Visual Studio Solution File, Format Version 12.00
# Visual Studio Version 17
VisualStudioVersion = 17.7.34031.279
MinimumVisualStudioVersion = 10.0.40219.1
Project("{FAE04EC0-301F-11D3-BF4B-00C04F79EFBC}") = "AppCalculator1", "AppCalculator1\AppCalculator1.csproj", "{94C5A690-E0F0-46D9-90D7-47D2978FE9EA}"
EndProject
Global
	GlobalSection(SolutionConfigurationPlatforms) = preSolution
		Debug|Any CPU = Debug|Any CPU
		Release|Any CPU = Release|Any CPU
	EndGlobalSection
	GlobalSection(ProjectConfigurationPlatforms) = postSolution
		{94C5A690-E0F0-46D9-90D7-47D2978FE9EA}.Debug|Any CPU.ActiveCfg = Debug|Any CPU
		{94C5A690-E0F0-46D9-90D7-47D2978FE9EA}.Debug|Any CPU.Build.0 = Debug|Any CPU
		{94C5A690-E0F0-46D9-90D7-47D2978FE9EA}.Release|Any CPU.ActiveCfg = Release|Any CPU
		{94C5A690-E0F0-46D9-90D7-47D2978FE9EA}.Release|Any CPU.Build.0 = Release|Any CPU
	EndGlobalSection
	GlobalSection(SolutionProperties) = preSolution
		HideSolutionNode = FALSE
	EndGlobalSection
	GlobalSection(ExtensibilityGlobals) = postSolution
		SolutionGuid = {8CAAF5DF-C71A-4BB1-87AB-6B54EDD1784E}
	EndGlobalSection
EndGlobal
